
Microsoft Visual Studio Solution File, Format Version 12.00
# Visual Studio 15
VisualStudioVersion = 15.0.34829.251
MinimumVisualStudioVersion = 10.0.40219.1
Project("{8BC9CEB8-8B4A-11D0-8D11-00A0C91BC942}") = "MyGobang_DHK", "MFC-SimpleGobang-master\MyGobang_DHK\MyGobang_DHK.vcxproj", "{9E616E24-D652-400A-86B6-23ECF101BB0E}"
EndProject
Global
	GlobalSection(SolutionConfigurationPlatforms) = preSolution
		Debug|x86 = Debug|x86
		Release|x86 = Release|x86
	EndGlobalSection
	GlobalSection(ProjectConfigurationPlatforms) = postSolution
		{9E616E24-D652-400A-86B6-23ECF101BB0E}.Debug|x86.ActiveCfg = Debug|Win32
		{9E616E24-D652-400A-86B6-23ECF101BB0E}.Debug|x86.Build.0 = Debug|Win32
		{9E616E24-D652-400A-86B6-23ECF101BB0E}.Release|x86.ActiveCfg = Release|Win32
		{9E616E24-D652-400A-86B6-23ECF101BB0E}.Release|x86.Build.0 = Release|Win32
	EndGlobalSection
	GlobalSection(SolutionProperties) = preSolution
		HideSolutionNode = FALSE
	EndGlobalSection
	GlobalSection(ExtensibilityGlobals) = postSolution
		SolutionGuid = {E58335FD-6AA1-45C8-937C-29A174F79248}
	EndGlobalSection
EndGlobal
